
Microsoft Visual Studio Solution File, Format Version 12.00
# Visual Studio Version 17
VisualStudioVersion = 17.4.33205.214
MinimumVisualStudioVersion = 10.0.40219.1
Project("{9A19103F-16F7-4668-BE54-9A1E7A4F7556}") = "Erawork", "Erawork\Erawork.csproj", "{3A09F12A-B7D7-4679-9203-E9BF754592B2}"
EndProject
Project("{9A19103F-16F7-4668-BE54-9A1E7A4F7556}") = "Data", "Data\Data.csproj", "{925202E1-57E1-48FD-8728-C9157334FEC9}"
EndProject
Project("{9A19103F-16F7-4668-BE54-9A1E7A4F7556}") = "AppModules", "Application\AppModules.csproj", "{26391A41-959A-485E-BA53-9EECA275B7AA}"
EndProject
Project("{9A19103F-16F7-4668-BE54-9A1E7A4F7556}") = "CheckDb", "CheckDb\CheckDb.csproj", "{F22BC9E0-DE56-42E2-B4EB-7B2D46F00CD8}"
EndProject
Project("{FAE04EC0-301F-11D3-BF4B-00C04F79EFBC}") = "ViewModels", "ViewModels\ViewModels.csproj", "{C69DFEAD-019D-4E3B-8CFD-0EEE139D7918}"
EndProject
Global
	GlobalSection(SolutionConfigurationPlatforms) = preSolution
		Debug|Any CPU = Debug|Any CPU
		Release|Any CPU = Release|Any CPU
	EndGlobalSection
	GlobalSection(ProjectConfigurationPlatforms) = postSolution
		{3A09F12A-B7D7-4679-9203-E9BF754592B2}.Debug|Any CPU.ActiveCfg = Debug|Any CPU
		{3A09F12A-B7D7-4679-9203-E9BF754592B2}.Debug|Any CPU.Build.0 = Debug|Any CPU
		{3A09F12A-B7D7-4679-9203-E9BF754592B2}.Release|Any CPU.ActiveCfg = Release|Any CPU
		{3A09F12A-B7D7-4679-9203-E9BF754592B2}.Release|Any CPU.Build.0 = Release|Any CPU
		{925202E1-57E1-48FD-8728-C9157334FEC9}.Debug|Any CPU.ActiveCfg = Debug|Any CPU
		{925202E1-57E1-48FD-8728-C9157334FEC9}.Debug|Any CPU.Build.0 = Debug|Any CPU
		{925202E1-57E1-48FD-8728-C9157334FEC9}.Release|Any CPU.ActiveCfg = Release|Any CPU
		{925202E1-57E1-48FD-8728-C9157334FEC9}.Release|Any CPU.Build.0 = Release|Any CPU
		{26391A41-959A-485E-BA53-9EECA275B7AA}.Debug|Any CPU.ActiveCfg = Debug|Any CPU
		{26391A41-959A-485E-BA53-9EECA275B7AA}.Debug|Any CPU.Build.0 = Debug|Any CPU
		{26391A41-959A-485E-BA53-9EECA275B7AA}.Release|Any CPU.ActiveCfg = Release|Any CPU
		{26391A41-959A-485E-BA53-9EECA275B7AA}.Release|Any CPU.Build.0 = Release|Any CPU
		{F22BC9E0-DE56-42E2-B4EB-7B2D46F00CD8}.Debug|Any CPU.ActiveCfg = Debug|Any CPU
		{F22BC9E0-DE56-42E2-B4EB-7B2D46F00CD8}.Debug|Any CPU.Build.0 = Debug|Any CPU
		{F22BC9E0-DE56-42E2-B4EB-7B2D46F00CD8}.Release|Any CPU.ActiveCfg = Release|Any CPU
		{F22BC9E0-DE56-42E2-B4EB-7B2D46F00CD8}.Release|Any CPU.Build.0 = Release|Any CPU
		{C69DFEAD-019D-4E3B-8CFD-0EEE139D7918}.Debug|Any CPU.ActiveCfg = Debug|Any CPU
		{C69DFEAD-019D-4E3B-8CFD-0EEE139D7918}.Debug|Any CPU.Build.0 = Debug|Any CPU
		{C69DFEAD-019D-4E3B-8CFD-0EEE139D7918}.Release|Any CPU.ActiveCfg = Release|Any CPU
		{C69DFEAD-019D-4E3B-8CFD-0EEE139D7918}.Release|Any CPU.Build.0 = Release|Any CPU
	EndGlobalSection
	GlobalSection(SolutionProperties) = preSolution
		HideSolutionNode = FALSE
	EndGlobalSection
	GlobalSection(ExtensibilityGlobals) = postSolution
		SolutionGuid = {1CF58B4E-87B2-4C33-818D-3EA2E933611B}
	EndGlobalSection
EndGlobal
